// !$*UTF8*$!
{
	archiveVersion = 1;
	classes = {
	};
	objectVersion = 46;
	objects = {

/* Begin PBXBuildFile section */
		36A87C641A5E18E900C693C4 /* AVFoundation.framework in Frameworks */ = {isa = PBXBuildFile; fileRef = 36A87C631A5E18E900C693C4 /* AVFoundation.framework */; };
		36A87C661A5E18EE00C693C4 /* CoreData.framework in Frameworks */ = {isa = PBXBuildFile; fileRef = 36A87C651A5E18EE00C693C4 /* CoreData.framework */; };
		36A87C681A5E18F500C693C4 /* CoreLocation.framework in Frameworks */ = {isa = PBXBuildFile; fileRef = 36A87C671A5E18F500C693C4 /* CoreLocation.framework */; };
		36A87C6A1A5E18FB00C693C4 /* CoreText.framework in Frameworks */ = {isa = PBXBuildFile; fileRef = 36A87C691A5E18FB00C693C4 /* CoreText.framework */; };
		36A87C6C1A5E190100C693C4 /* GLKit.framework in Frameworks */ = {isa = PBXBuildFile; fileRef = 36A87C6B1A5E190100C693C4 /* GLKit.framework */; };
		36A87C6E1A5E190A00C693C4 /* ImageIO.framework in Frameworks */ = {isa = PBXBuildFile; fileRef = 36A87C6D1A5E190A00C693C4 /* ImageIO.framework */; };
		36A87C701A5E191400C693C4 /* libc++.dylib in Frameworks */ = {isa = PBXBuildFile; fileRef = 36A87C6F1A5E191400C693C4 /* libc++.dylib */; };
		36A87C721A5E191C00C693C4 /* libicucore.dylib in Frameworks */ = {isa = PBXBuildFile; fileRef = 36A87C711A5E191C00C693C4 /* libicucore.dylib */; };
		36A87C741A5E192400C693C4 /* libz.dylib in Frameworks */ = {isa = PBXBuildFile; fileRef = 36A87C731A5E192400C693C4 /* libz.dylib */; };
		36A87C761A5E193100C693C4 /* OpenGLES.framework in Frameworks */ = {isa = PBXBuildFile; fileRef = 36A87C751A5E193100C693C4 /* OpenGLES.framework */; };
		36A87C781A5E193600C693C4 /* QuartzCore.framework in Frameworks */ = {isa = PBXBuildFile; fileRef = 36A87C771A5E193600C693C4 /* QuartzCore.framework */; };
		36A87C7A1A5E194100C693C4 /* SystemConfiguration.framework in Frameworks */ = {isa = PBXBuildFile; fileRef = 36A87C791A5E194100C693C4 /* SystemConfiguration.framework */; };
		36AD6E321A5E2F9000ABDEC9 /* libsqlite3.0.dylib in Frameworks */ = {isa = PBXBuildFile; fileRef = 36AD6E311A5E2F9000ABDEC9 /* libsqlite3.0.dylib */; };
		36AD6E351A5E302E00ABDEC9 /* DatabaseHelper.m in Sources */ = {isa = PBXBuildFile; fileRef = 36AD6E341A5E302E00ABDEC9 /* DatabaseHelper.m */; };
		36AD6E3A1A5E317000ABDEC9 /* MapViewController.m in Sources */ = {isa = PBXBuildFile; fileRef = 36AD6E381A5E317000ABDEC9 /* MapViewController.m */; };
		36AD6E3B1A5E317000ABDEC9 /* MapViewController.xib in Resources */ = {isa = PBXBuildFile; fileRef = 36AD6E391A5E317000ABDEC9 /* MapViewController.xib */; };
		36AD6E3E1A5E318100ABDEC9 /* DetailViewController.m in Sources */ = {isa = PBXBuildFile; fileRef = 36AD6E3D1A5E318100ABDEC9 /* DetailViewController.m */; };
		36AD6E411A5E319300ABDEC9 /* MasterViewController.m in Sources */ = {isa = PBXBuildFile; fileRef = 36AD6E401A5E319300ABDEC9 /* MasterViewController.m */; };
		36AD6E4E1A5E31AA00ABDEC9 /* FMDatabase.m in Sources */ = {isa = PBXBuildFile; fileRef = 36AD6E441A5E31AA00ABDEC9 /* FMDatabase.m */; };
		36AD6E4F1A5E31AA00ABDEC9 /* FMDatabaseAdditions.m in Sources */ = {isa = PBXBuildFile; fileRef = 36AD6E461A5E31AA00ABDEC9 /* FMDatabaseAdditions.m */; };
		36AD6E501A5E31AA00ABDEC9 /* FMDatabasePool.m in Sources */ = {isa = PBXBuildFile; fileRef = 36AD6E481A5E31AA00ABDEC9 /* FMDatabasePool.m */; };
		36AD6E511A5E31AA00ABDEC9 /* FMDatabaseQueue.m in Sources */ = {isa = PBXBuildFile; fileRef = 36AD6E4A1A5E31AA00ABDEC9 /* FMDatabaseQueue.m */; };
		36AD6E521A5E31AA00ABDEC9 /* FMResultSet.m in Sources */ = {isa = PBXBuildFile; fileRef = 36AD6E4D1A5E31AA00ABDEC9 /* FMResultSet.m */; };
		36AD6E7D1A5E31B800ABDEC9 /* AFHTTPRequestOperation.m in Sources */ = {isa = PBXBuildFile; fileRef = 36AD6E561A5E31B800ABDEC9 /* AFHTTPRequestOperation.m */; };
		36AD6E7E1A5E31B800ABDEC9 /* AFHTTPRequestOperationManager.m in Sources */ = {isa = PBXBuildFile; fileRef = 36AD6E581A5E31B800ABDEC9 /* AFHTTPRequestOperationManager.m */; };
		36AD6E7F1A5E31B800ABDEC9 /* AFHTTPSessionManager.m in Sources */ = {isa = PBXBuildFile; fileRef = 36AD6E5A1A5E31B800ABDEC9 /* AFHTTPSessionManager.m */; };
		36AD6E801A5E31B800ABDEC9 /* AFNetworkReachabilityManager.m in Sources */ = {isa = PBXBuildFile; fileRef = 36AD6E5D1A5E31B800ABDEC9 /* AFNetworkReachabilityManager.m */; };
		36AD6E811A5E31B800ABDEC9 /* AFSecurityPolicy.m in Sources */ = {isa = PBXBuildFile; fileRef = 36AD6E5F1A5E31B800ABDEC9 /* AFSecurityPolicy.m */; };
		36AD6E821A5E31B800ABDEC9 /* AFURLConnectionOperation.m in Sources */ = {isa = PBXBuildFile; fileRef = 36AD6E611A5E31B800ABDEC9 /* AFURLConnectionOperation.m */; };
		36AD6E831A5E31B800ABDEC9 /* AFURLRequestSerialization.m in Sources */ = {isa = PBXBuildFile; fileRef = 36AD6E631A5E31B800ABDEC9 /* AFURLRequestSerialization.m */; };
		36AD6E841A5E31B800ABDEC9 /* AFURLResponseSerialization.m in Sources */ = {isa = PBXBuildFile; fileRef = 36AD6E651A5E31B800ABDEC9 /* AFURLResponseSerialization.m */; };
		36AD6E851A5E31B800ABDEC9 /* AFURLSessionManager.m in Sources */ = {isa = PBXBuildFile; fileRef = 36AD6E671A5E31B800ABDEC9 /* AFURLSessionManager.m */; };
		36AD6E861A5E31B800ABDEC9 /* AFNetworkingHelper.m in Sources */ = {isa = PBXBuildFile; fileRef = 36AD6E6A1A5E31B800ABDEC9 /* AFNetworkingHelper.m */; };
		36AD6E871A5E31B800ABDEC9 /* AFNetworkActivityIndicatorManager.m in Sources */ = {isa = PBXBuildFile; fileRef = 36AD6E6D1A5E31B800ABDEC9 /* AFNetworkActivityIndicatorManager.m */; };
		36AD6E881A5E31B800ABDEC9 /* UIActivityIndicatorView+AFNetworking.m in Sources */ = {isa = PBXBuildFile; fileRef = 36AD6E6F1A5E31B800ABDEC9 /* UIActivityIndicatorView+AFNetworking.m */; };
		36AD6E891A5E31B800ABDEC9 /* UIAlertView+AFNetworking.m in Sources */ = {isa = PBXBuildFile; fileRef = 36AD6E711A5E31B800ABDEC9 /* UIAlertView+AFNetworking.m */; };
		36AD6E8A1A5E31B800ABDEC9 /* UIButton+AFNetworking.m in Sources */ = {isa = PBXBuildFile; fileRef = 36AD6E731A5E31B800ABDEC9 /* UIButton+AFNetworking.m */; };
		36AD6E8B1A5E31B800ABDEC9 /* UIImageView+AFNetworking.m in Sources */ = {isa = PBXBuildFile; fileRef = 36AD6E751A5E31B800ABDEC9 /* UIImageView+AFNetworking.m */; };
		36AD6E8C1A5E31B800ABDEC9 /* UIProgressView+AFNetworking.m in Sources */ = {isa = PBXBuildFile; fileRef = 36AD6E781A5E31B800ABDEC9 /* UIProgressView+AFNetworking.m */; };
		36AD6E8D1A5E31B800ABDEC9 /* UIRefreshControl+AFNetworking.m in Sources */ = {isa = PBXBuildFile; fileRef = 36AD6E7A1A5E31B800ABDEC9 /* UIRefreshControl+AFNetworking.m */; };
		36AD6E8E1A5E31B800ABDEC9 /* UIWebView+AFNetworking.m in Sources */ = {isa = PBXBuildFile; fileRef = 36AD6E7C1A5E31B800ABDEC9 /* UIWebView+AFNetworking.m */; };
		36AD6E921A5E31C700ABDEC9 /* SZJsonParser.m in Sources */ = {isa = PBXBuildFile; fileRef = 36AD6E911A5E31C700ABDEC9 /* SZJsonParser.m */; };
		36AD6E951A5E31DC00ABDEC9 /* AppDelegate.m in Sources */ = {isa = PBXBuildFile; fileRef = 36AD6E941A5E31DC00ABDEC9 /* AppDelegate.m */; };
		36F5C70E1A5D39C700E05C27 /* main.m in Sources */ = {isa = PBXBuildFile; fileRef = 36F5C70D1A5D39C700E05C27 /* main.m */; };
		36F5C71A1A5D39C700E05C27 /* Main.storyboard in Resources */ = {isa = PBXBuildFile; fileRef = 36F5C7181A5D39C700E05C27 /* Main.storyboard */; };
		36F5C71C1A5D39C700E05C27 /* Images.xcassets in Resources */ = {isa = PBXBuildFile; fileRef = 36F5C71B1A5D39C700E05C27 /* Images.xcassets */; };
		36F5C71F1A5D39C700E05C27 /* LaunchScreen.xib in Resources */ = {isa = PBXBuildFile; fileRef = 36F5C71D1A5D39C700E05C27 /* LaunchScreen.xib */; };
		36F5C72B1A5D39C700E05C27 /* Travel_GuidesTests.m in Sources */ = {isa = PBXBuildFile; fileRef = 36F5C72A1A5D39C700E05C27 /* Travel_GuidesTests.m */; };
/* End PBXBuildFile section */

/* Begin PBXContainerItemProxy section */
		36F5C7251A5D39C700E05C27 /* PBXContainerItemProxy */ = {
			isa = PBXContainerItemProxy;
			containerPortal = 36F5C7001A5D39C700E05C27 /* Project object */;
			proxyType = 1;
			remoteGlobalIDString = 36F5C7071A5D39C700E05C27;
			remoteInfo = "Travel Guides";
		};
/* End PBXContainerItemProxy section */

/* Begin PBXFileReference section */
		36A87C631A5E18E900C693C4 /* AVFoundation.framework */ = {isa = PBXFileReference; lastKnownFileType = wrapper.framework; name = AVFoundation.framework; path = System/Library/Frameworks/AVFoundation.framework; sourceTree = SDKROOT; };
		36A87C651A5E18EE00C693C4 /* CoreData.framework */ = {isa = PBXFileReference; lastKnownFileType = wrapper.framework; name = CoreData.framework; path = System/Library/Frameworks/CoreData.framework; sourceTree = SDKROOT; };
		36A87C671A5E18F500C693C4 /* CoreLocation.framework */ = {isa = PBXFileReference; lastKnownFileType = wrapper.framework; name = CoreLocation.framework; path = System/Library/Frameworks/CoreLocation.framework; sourceTree = SDKROOT; };
		36A87C691A5E18FB00C693C4 /* CoreText.framework */ = {isa = PBXFileReference; lastKnownFileType = wrapper.framework; name = CoreText.framework; path = System/Library/Frameworks/CoreText.framework; sourceTree = SDKROOT; };
		36A87C6B1A5E190100C693C4 /* GLKit.framework */ = {isa = PBXFileReference; lastKnownFileType = wrapper.framework; name = GLKit.framework; path = System/Library/Frameworks/GLKit.framework; sourceTree = SDKROOT; };
		36A87C6D1A5E190A00C693C4 /* ImageIO.framework */ = {isa = PBXFileReference; lastKnownFileType = wrapper.framework; name = ImageIO.framework; path = System/Library/Frameworks/ImageIO.framework; sourceTree = SDKROOT; };
		36A87C6F1A5E191400C693C4 /* libc++.dylib */ = {isa = PBXFileReference; lastKnownFileType = "compiled.mach-o.dylib"; name = "libc++.dylib"; path = "usr/lib/libc++.dylib"; sourceTree = SDKROOT; };
		36A87C711A5E191C00C693C4 /* libicucore.dylib */ = {isa = PBXFileReference; lastKnownFileType = "compiled.mach-o.dylib"; name = libicucore.dylib; path = usr/lib/libicucore.dylib; sourceTree = SDKROOT; };
		36A87C731A5E192400C693C4 /* libz.dylib */ = {isa = PBXFileReference; lastKnownFileType = "compiled.mach-o.dylib"; name = libz.dylib; path = usr/lib/libz.dylib; sourceTree = SDKROOT; };
		36A87C751A5E193100C693C4 /* OpenGLES.framework */ = {isa = PBXFileReference; lastKnownFileType = wrapper.framework; name = OpenGLES.framework; path = System/Library/Frameworks/OpenGLES.framework; sourceTree = SDKROOT; };
		36A87C771A5E193600C693C4 /* QuartzCore.framework */ = {isa = PBXFileReference; lastKnownFileType = wrapper.framework; name = QuartzCore.framework; path = System/Library/Frameworks/QuartzCore.framework; sourceTree = SDKROOT; };
		36A87C791A5E194100C693C4 /* SystemConfiguration.framework */ = {isa = PBXFileReference; lastKnownFileType = wrapper.framework; name = SystemConfiguration.framework; path = System/Library/Frameworks/SystemConfiguration.framework; sourceTree = SDKROOT; };
		36AD6E301A5E29E400ABDEC9 /* PrefixHeader.pch */ = {isa = PBXFileReference; lastKnownFileType = sourcecode.c.h; path = PrefixHeader.pch; sourceTree = "<group>"; };
		36AD6E311A5E2F9000ABDEC9 /* libsqlite3.0.dylib */ = {isa = PBXFileReference; lastKnownFileType = "compiled.mach-o.dylib"; name = libsqlite3.0.dylib; path = usr/lib/libsqlite3.0.dylib; sourceTree = SDKROOT; };
		36AD6E331A5E302E00ABDEC9 /* DatabaseHelper.h */ = {isa = PBXFileReference; fileEncoding = 4; lastKnownFileType = sourcecode.c.h; name = DatabaseHelper.h; path = Helper/DatabaseHelper.h; sourceTree = "<group>"; };
		36AD6E341A5E302E00ABDEC9 /* DatabaseHelper.m */ = {isa = PBXFileReference; fileEncoding = 4; lastKnownFileType = sourcecode.c.objc; name = DatabaseHelper.m; path = Helper/DatabaseHelper.m; sourceTree = "<group>"; };
		36AD6E371A5E317000ABDEC9 /* MapViewController.h */ = {isa = PBXFileReference; fileEncoding = 4; lastKnownFileType = sourcecode.c.h; name = MapViewController.h; path = UIView/MapViewController.h; sourceTree = "<group>"; };
		36AD6E381A5E317000ABDEC9 /* MapViewController.m */ = {isa = PBXFileReference; fileEncoding = 4; lastKnownFileType = sourcecode.c.objc; name = MapViewController.m; path = UIView/MapViewController.m; sourceTree = "<group>"; };
		36AD6E391A5E317000ABDEC9 /* MapViewController.xib */ = {isa = PBXFileReference; fileEncoding = 4; lastKnownFileType = file.xib; name = MapViewController.xib; path = UIView/MapViewController.xib; sourceTree = "<group>"; };
		36AD6E3C1A5E318100ABDEC9 /* DetailViewController.h */ = {isa = PBXFileReference; fileEncoding = 4; lastKnownFileType = sourcecode.c.h; name = DetailViewController.h; path = UIView/DetailViewController.h; sourceTree = "<group>"; };
		36AD6E3D1A5E318100ABDEC9 /* DetailViewController.m */ = {isa = PBXFileReference; fileEncoding = 4; lastKnownFileType = sourcecode.c.objc; name = DetailViewController.m; path = UIView/DetailViewController.m; sourceTree = "<group>"; };
		36AD6E3F1A5E319300ABDEC9 /* MasterViewController.h */ = {isa = PBXFileReference; fileEncoding = 4; lastKnownFileType = sourcecode.c.h; name = MasterViewController.h; path = UIView/MasterViewController.h; sourceTree = "<group>"; };
		36AD6E401A5E319300ABDEC9 /* MasterViewController.m */ = {isa = PBXFileReference; fileEncoding = 4; lastKnownFileType = sourcecode.c.objc; name = MasterViewController.m; path = UIView/MasterViewController.m; sourceTree = "<group>"; };
		36AD6E431A5E31AA00ABDEC9 /* FMDatabase.h */ = {isa = PBXFileReference; fileEncoding = 4; lastKnownFileType = sourcecode.c.h; path = FMDatabase.h; sourceTree = "<group>"; };
		36AD6E441A5E31AA00ABDEC9 /* FMDatabase.m */ = {isa = PBXFileReference; fileEncoding = 4; lastKnownFileType = sourcecode.c.objc; path = FMDatabase.m; sourceTree = "<group>"; };
		36AD6E451A5E31AA00ABDEC9 /* FMDatabaseAdditions.h */ = {isa = PBXFileReference; fileEncoding = 4; lastKnownFileType = sourcecode.c.h; path = FMDatabaseAdditions.h; sourceTree = "<group>"; };
		36AD6E461A5E31AA00ABDEC9 /* FMDatabaseAdditions.m */ = {isa = PBXFileReference; fileEncoding = 4; lastKnownFileType = sourcecode.c.objc; path = FMDatabaseAdditions.m; sourceTree = "<group>"; };
		36AD6E471A5E31AA00ABDEC9 /* FMDatabasePool.h */ = {isa = PBXFileReference; fileEncoding = 4; lastKnownFileType = sourcecode.c.h; path = FMDatabasePool.h; sourceTree = "<group>"; };
		36AD6E481A5E31AA00ABDEC9 /* FMDatabasePool.m */ = {isa = PBXFileReference; fileEncoding = 4; lastKnownFileType = sourcecode.c.objc; path = FMDatabasePool.m; sourceTree = "<group>"; };
		36AD6E491A5E31AA00ABDEC9 /* FMDatabaseQueue.h */ = {isa = PBXFileReference; fileEncoding = 4; lastKnownFileType = sourcecode.c.h; path = FMDatabaseQueue.h; sourceTree = "<group>"; };
		36AD6E4A1A5E31AA00ABDEC9 /* FMDatabaseQueue.m */ = {isa = PBXFileReference; fileEncoding = 4; lastKnownFileType = sourcecode.c.objc; path = FMDatabaseQueue.m; sourceTree = "<group>"; };
		36AD6E4B1A5E31AA00ABDEC9 /* FMDB.h */ = {isa = PBXFileReference; fileEncoding = 4; lastKnownFileType = sourcecode.c.h; path = FMDB.h; sourceTree = "<group>"; };
		36AD6E4C1A5E31AA00ABDEC9 /* FMResultSet.h */ = {isa = PBXFileReference; fileEncoding = 4; lastKnownFileType = sourcecode.c.h; path = FMResultSet.h; sourceTree = "<group>"; };
		36AD6E4D1A5E31AA00ABDEC9 /* FMResultSet.m */ = {isa = PBXFileReference; fileEncoding = 4; lastKnownFileType = sourcecode.c.objc; path = FMResultSet.m; sourceTree = "<group>"; };
		36AD6E551A5E31B800ABDEC9 /* AFHTTPRequestOperation.h */ = {isa = PBXFileReference; fileEncoding = 4; lastKnownFileType = sourcecode.c.h; path = AFHTTPRequestOperation.h; sourceTree = "<group>"; };
		36AD6E561A5E31B800ABDEC9 /* AFHTTPRequestOperation.m */ = {isa = PBXFileReference; fileEncoding = 4; lastKnownFileType = sourcecode.c.objc; path = AFHTTPRequestOperation.m; sourceTree = "<group>"; };
		36AD6E571A5E31B800ABDEC9 /* AFHTTPRequestOperationManager.h */ = {isa = PBXFileReference; fileEncoding = 4; lastKnownFileType = sourcecode.c.h; path = AFHTTPRequestOperationManager.h; sourceTree = "<group>"; };
		36AD6E581A5E31B800ABDEC9 /* AFHTTPRequestOperationManager.m */ = {isa = PBXFileReference; fileEncoding = 4; lastKnownFileType = sourcecode.c.objc; path = AFHTTPRequestOperationManager.m; sourceTree = "<group>"; };
		36AD6E591A5E31B800ABDEC9 /* AFHTTPSessionManager.h */ = {isa = PBXFileReference; fileEncoding = 4; lastKnownFileType = sourcecode.c.h; path = AFHTTPSessionManager.h; sourceTree = "<group>"; };
		36AD6E5A1A5E31B800ABDEC9 /* AFHTTPSessionManager.m */ = {isa = PBXFileReference; fileEncoding = 4; lastKnownFileType = sourcecode.c.objc; path = AFHTTPSessionManager.m; sourceTree = "<group>"; };
		36AD6E5B1A5E31B800ABDEC9 /* AFNetworking.h */ = {isa = PBXFileReference; fileEncoding = 4; lastKnownFileType = sourcecode.c.h; path = AFNetworking.h; sourceTree = "<group>"; };
		36AD6E5C1A5E31B800ABDEC9 /* AFNetworkReachabilityManager.h */ = {isa = PBXFileReference; fileEncoding = 4; lastKnownFileType = sourcecode.c.h; path = AFNetworkReachabilityManager.h; sourceTree = "<group>"; };
		36AD6E5D1A5E31B800ABDEC9 /* AFNetworkReachabilityManager.m */ = {isa = PBXFileReference; fileEncoding = 4; lastKnownFileType = sourcecode.c.objc; path = AFNetworkReachabilityManager.m; sourceTree = "<group>"; };
		36AD6E5E1A5E31B800ABDEC9 /* AFSecurityPolicy.h */ = {isa = PBXFileReference; fileEncoding = 4; lastKnownFileType = sourcecode.c.h; path = AFSecurityPolicy.h; sourceTree = "<group>"; };
		36AD6E5F1A5E31B800ABDEC9 /* AFSecurityPolicy.m */ = {isa = PBXFileReference; fileEncoding = 4; lastKnownFileType = sourcecode.c.objc; path = AFSecurityPolicy.m; sourceTree = "<group>"; };
		36AD6E601A5E31B800ABDEC9 /* AFURLConnectionOperation.h */ = {isa = PBXFileReference; fileEncoding = 4; lastKnownFileType = sourcecode.c.h; path = AFURLConnectionOperation.h; sourceTree = "<group>"; };
		36AD6E611A5E31B800ABDEC9 /* AFURLConnectionOperation.m */ = {isa = PBXFileReference; fileEncoding = 4; lastKnownFileType = sourcecode.c.objc; path = AFURLConnectionOperation.m; sourceTree = "<group>"; };
		36AD6E621A5E31B800ABDEC9 /* AFURLRequestSerialization.h */ = {isa = PBXFileReference; fileEncoding = 4; lastKnownFileType = sourcecode.c.h; path = AFURLRequestSerialization.h; sourceTree = "<group>"; };
		36AD6E631A5E31B800ABDEC9 /* AFURLRequestSerialization.m */ = {isa = PBXFileReference; fileEncoding = 4; lastKnownFileType = sourcecode.c.objc; path = AFURLRequestSerialization.m; sourceTree = "<group>"; };
		36AD6E641A5E31B800ABDEC9 /* AFURLResponseSerialization.h */ = {isa = PBXFileReference; fileEncoding = 4; lastKnownFileType = sourcecode.c.h; path = AFURLResponseSerialization.h; sourceTree = "<group>"; };
		36AD6E651A5E31B800ABDEC9 /* AFURLResponseSerialization.m */ = {isa = PBXFileReference; fileEncoding = 4; lastKnownFileType = sourcecode.c.objc; path = AFURLResponseSerialization.m; sourceTree = "<group>"; };
		36AD6E661A5E31B800ABDEC9 /* AFURLSessionManager.h */ = {isa = PBXFileReference; fileEncoding = 4; lastKnownFileType = sourcecode.c.h; path = AFURLSessionManager.h; sourceTree = "<group>"; };
		36AD6E671A5E31B800ABDEC9 /* AFURLSessionManager.m */ = {isa = PBXFileReference; fileEncoding = 4; lastKnownFileType = sourcecode.c.objc; path = AFURLSessionManager.m; sourceTree = "<group>"; };
		36AD6E691A5E31B800ABDEC9 /* AFNetworkingHelper.h */ = {isa = PBXFileReference; fileEncoding = 4; lastKnownFileType = sourcecode.c.h; path = AFNetworkingHelper.h; sourceTree = "<group>"; };
		36AD6E6A1A5E31B800ABDEC9 /* AFNetworkingHelper.m */ = {isa = PBXFileReference; fileEncoding = 4; lastKnownFileType = sourcecode.c.objc; path = AFNetworkingHelper.m; sourceTree = "<group>"; };
		36AD6E6C1A5E31B800ABDEC9 /* AFNetworkActivityIndicatorManager.h */ = {isa = PBXFileReference; fileEncoding = 4; lastKnownFileType = sourcecode.c.h; path = AFNetworkActivityIndicatorManager.h; sourceTree = "<group>"; };
		36AD6E6D1A5E31B800ABDEC9 /* AFNetworkActivityIndicatorManager.m */ = {isa = PBXFileReference; fileEncoding = 4; lastKnownFileType = sourcecode.c.objc; path = AFNetworkActivityIndicatorManager.m; sourceTree = "<group>"; };
		36AD6E6E1A5E31B800ABDEC9 /* UIActivityIndicatorView+AFNetworking.h */ = {isa = PBXFileReference; fileEncoding = 4; lastKnownFileType = sourcecode.c.h; path = "UIActivityIndicatorView+AFNetworking.h"; sourceTree = "<group>"; };
		36AD6E6F1A5E31B800ABDEC9 /* UIActivityIndicatorView+AFNetworking.m */ = {isa = PBXFileReference; fileEncoding = 4; lastKnownFileType = sourcecode.c.objc; path = "UIActivityIndicatorView+AFNetworking.m"; sourceTree = "<group>"; };
		36AD6E701A5E31B800ABDEC9 /* UIAlertView+AFNetworking.h */ = {isa = PBXFileReference; fileEncoding = 4; lastKnownFileType = sourcecode.c.h; path = "UIAlertView+AFNetworking.h"; sourceTree = "<group>"; };
		36AD6E711A5E31B800ABDEC9 /* UIAlertView+AFNetworking.m */ = {isa = PBXFileReference; fileEncoding = 4; lastKnownFileType = sourcecode.c.objc; path = "UIAlertView+AFNetworking.m"; sourceTree = "<group>"; };
		36AD6E721A5E31B800ABDEC9 /* UIButton+AFNetworking.h */ = {isa = PBXFileReference; fileEncoding = 4; lastKnownFileType = sourcecode.c.h; path = "UIButton+AFNetworking.h"; sourceTree = "<group>"; };
		36AD6E731A5E31B800ABDEC9 /* UIButton+AFNetworking.m */ = {isa = PBXFileReference; fileEncoding = 4; lastKnownFileType = sourcecode.c.objc; path = "UIButton+AFNetworking.m"; sourceTree = "<group>"; };
		36AD6E741A5E31B800ABDEC9 /* UIImageView+AFNetworking.h */ = {isa = PBXFileReference; fileEncoding = 4; lastKnownFileType = sourcecode.c.h; path = "UIImageView+AFNetworking.h"; sourceTree = "<group>"; };
		36AD6E751A5E31B800ABDEC9 /* UIImageView+AFNetworking.m */ = {isa = PBXFileReference; fileEncoding = 4; lastKnownFileType = sourcecode.c.objc; path = "UIImageView+AFNetworking.m"; sourceTree = "<group>"; };
		36AD6E761A5E31B800ABDEC9 /* UIKit+AFNetworking.h */ = {isa = PBXFileReference; fileEncoding = 4; lastKnownFileType = sourcecode.c.h; path = "UIKit+AFNetworking.h"; sourceTree = "<group>"; };
		36AD6E771A5E31B800ABDEC9 /* UIProgressView+AFNetworking.h */ = {isa = PBXFileReference; fileEncoding = 4; lastKnownFileType = sourcecode.c.h; path = "UIProgressView+AFNetworking.h"; sourceTree = "<group>"; };
		36AD6E781A5E31B800ABDEC9 /* UIProgressView+AFNetworking.m */ = {isa = PBXFileReference; fileEncoding = 4; lastKnownFileType = sourcecode.c.objc; path = "UIProgressView+AFNetworking.m"; sourceTree = "<group>"; };
		36AD6E791A5E31B800ABDEC9 /* UIRefreshControl+AFNetworking.h */ = {isa = PBXFileReference; fileEncoding = 4; lastKnownFileType = sourcecode.c.h; path = "UIRefreshControl+AFNetworking.h"; sourceTree = "<group>"; };
		36AD6E7A1A5E31B800ABDEC9 /* UIRefreshControl+AFNetworking.m */ = {isa = PBXFileReference; fileEncoding = 4; lastKnownFileType = sourcecode.c.objc; path = "UIRefreshControl+AFNetworking.m"; sourceTree = "<group>"; };
		36AD6E7B1A5E31B800ABDEC9 /* UIWebView+AFNetworking.h */ = {isa = PBXFileReference; fileEncoding = 4; lastKnownFileType = sourcecode.c.h; path = "UIWebView+AFNetworking.h"; sourceTree = "<group>"; };
		36AD6E7C1A5E31B800ABDEC9 /* UIWebView+AFNetworking.m */ = {isa = PBXFileReference; fileEncoding = 4; lastKnownFileType = sourcecode.c.objc; path = "UIWebView+AFNetworking.m"; sourceTree = "<group>"; };
		36AD6E901A5E31C700ABDEC9 /* SZJsonParser.h */ = {isa = PBXFileReference; fileEncoding = 4; lastKnownFileType = sourcecode.c.h; path = SZJsonParser.h; sourceTree = "<group>"; };
		36AD6E911A5E31C700ABDEC9 /* SZJsonParser.m */ = {isa = PBXFileReference; fileEncoding = 4; lastKnownFileType = sourcecode.c.objc; path = SZJsonParser.m; sourceTree = "<group>"; };
		36AD6E931A5E31DC00ABDEC9 /* AppDelegate.h */ = {isa = PBXFileReference; fileEncoding = 4; lastKnownFileType = sourcecode.c.h; name = AppDelegate.h; path = Delegate/AppDelegate.h; sourceTree = "<group>"; };
		36AD6E941A5E31DC00ABDEC9 /* AppDelegate.m */ = {isa = PBXFileReference; fileEncoding = 4; lastKnownFileType = sourcecode.c.objc; name = AppDelegate.m; path = Delegate/AppDelegate.m; sourceTree = "<group>"; };
		36F5C7081A5D39C700E05C27 /* Travel Guides.app */ = {isa = PBXFileReference; explicitFileType = wrapper.application; includeInIndex = 0; path = "Travel Guides.app"; sourceTree = BUILT_PRODUCTS_DIR; };
		36F5C70C1A5D39C700E05C27 /* Info.plist */ = {isa = PBXFileReference; lastKnownFileType = text.plist.xml; path = Info.plist; sourceTree = "<group>"; };
		36F5C70D1A5D39C700E05C27 /* main.m */ = {isa = PBXFileReference; lastKnownFileType = sourcecode.c.objc; path = main.m; sourceTree = "<group>"; };
		36F5C7191A5D39C700E05C27 /* Base */ = {isa = PBXFileReference; lastKnownFileType = file.storyboard; name = Base; path = Base.lproj/Main.storyboard; sourceTree = "<group>"; };
		36F5C71B1A5D39C700E05C27 /* Images.xcassets */ = {isa = PBXFileReference; lastKnownFileType = folder.assetcatalog; path = Images.xcassets; sourceTree = "<group>"; };
		36F5C71E1A5D39C700E05C27 /* Base */ = {isa = PBXFileReference; lastKnownFileType = file.xib; name = Base; path = Base.lproj/LaunchScreen.xib; sourceTree = "<group>"; };
		36F5C7241A5D39C700E05C27 /* Travel GuidesTests.xctest */ = {isa = PBXFileReference; explicitFileType = wrapper.cfbundle; includeInIndex = 0; path = "Travel GuidesTests.xctest"; sourceTree = BUILT_PRODUCTS_DIR; };
		36F5C7291A5D39C700E05C27 /* Info.plist */ = {isa = PBXFileReference; lastKnownFileType = text.plist.xml; path = Info.plist; sourceTree = "<group>"; };
		36F5C72A1A5D39C700E05C27 /* Travel_GuidesTests.m */ = {isa = PBXFileReference; lastKnownFileType = sourcecode.c.objc; path = Travel_GuidesTests.m; sourceTree = "<group>"; };
/* End PBXFileReference section */

/* Begin PBXFrameworksBuildPhase section */
		36F5C7051A5D39C700E05C27 /* Frameworks */ = {
			isa = PBXFrameworksBuildPhase;
			buildActionMask = 2147483647;
			files = (
				36AD6E321A5E2F9000ABDEC9 /* libsqlite3.0.dylib in Frameworks */,
				36A87C7A1A5E194100C693C4 /* SystemConfiguration.framework in Frameworks */,
				36A87C781A5E193600C693C4 /* QuartzCore.framework in Frameworks */,
				36A87C761A5E193100C693C4 /* OpenGLES.framework in Frameworks */,
				36A87C741A5E192400C693C4 /* libz.dylib in Frameworks */,
				36A87C721A5E191C00C693C4 /* libicucore.dylib in Frameworks */,
				36A87C701A5E191400C693C4 /* libc++.dylib in Frameworks */,
				36A87C6E1A5E190A00C693C4 /* ImageIO.framework in Frameworks */,
				36A87C6C1A5E190100C693C4 /* GLKit.framework in Frameworks */,
				36A87C6A1A5E18FB00C693C4 /* CoreText.framework in Frameworks */,
				36A87C681A5E18F500C693C4 /* CoreLocation.framework in Frameworks */,
				36A87C661A5E18EE00C693C4 /* CoreData.framework in Frameworks */,
				36A87C641A5E18E900C693C4 /* AVFoundation.framework in Frameworks */,
			);
			runOnlyForDeploymentPostprocessing = 0;
		};
		36F5C7211A5D39C700E05C27 /* Frameworks */ = {
			isa = PBXFrameworksBuildPhase;
			buildActionMask = 2147483647;
			files = (
			);
			runOnlyForDeploymentPostprocessing = 0;
		};
/* End PBXFrameworksBuildPhase section */

/* Begin PBXGroup section */
		36A87C7B1A5E195A00C693C4 /* Framework */ = {
			isa = PBXGroup;
			children = (
				36AD6E311A5E2F9000ABDEC9 /* libsqlite3.0.dylib */,
				36A87C771A5E193600C693C4 /* QuartzCore.framework */,
				36A87C731A5E192400C693C4 /* libz.dylib */,
				36A87C791A5E194100C693C4 /* SystemConfiguration.framework */,
				36A87C751A5E193100C693C4 /* OpenGLES.framework */,
				36A87C711A5E191C00C693C4 /* libicucore.dylib */,
				36A87C6F1A5E191400C693C4 /* libc++.dylib */,
				36A87C6D1A5E190A00C693C4 /* ImageIO.framework */,
				36A87C6B1A5E190100C693C4 /* GLKit.framework */,
				36A87C691A5E18FB00C693C4 /* CoreText.framework */,
				36A87C671A5E18F500C693C4 /* CoreLocation.framework */,
				36A87C651A5E18EE00C693C4 /* CoreData.framework */,
				36A87C631A5E18E900C693C4 /* AVFoundation.framework */,
			);
			name = Framework;
			sourceTree = "<group>";
		};
		36A87C7C1A5E1A6B00C693C4 /* Delegate */ = {
			isa = PBXGroup;
			children = (
				36AD6E931A5E31DC00ABDEC9 /* AppDelegate.h */,
				36AD6E941A5E31DC00ABDEC9 /* AppDelegate.m */,
			);
			name = Delegate;
			sourceTree = "<group>";
		};
		36A87C7D1A5E1A7C00C693C4 /* MasterView */ = {
			isa = PBXGroup;
			children = (
				36AD6E3F1A5E319300ABDEC9 /* MasterViewController.h */,
				36AD6E401A5E319300ABDEC9 /* MasterViewController.m */,
			);
			name = MasterView;
			sourceTree = "<group>";
		};
		36A87C7F1A5E1A9000C693C4 /* DetailView */ = {
			isa = PBXGroup;
			children = (
				36AD6E3C1A5E318100ABDEC9 /* DetailViewController.h */,
				36AD6E3D1A5E318100ABDEC9 /* DetailViewController.m */,
			);
			name = DetailView;
			sourceTree = "<group>";
		};
		36A87C801A5E1A9A00C693C4 /* MapView */ = {
			isa = PBXGroup;
			children = (
				36AD6E371A5E317000ABDEC9 /* MapViewController.h */,
				36AD6E381A5E317000ABDEC9 /* MapViewController.m */,
				36AD6E391A5E317000ABDEC9 /* MapViewController.xib */,
			);
			name = MapView;
			sourceTree = "<group>";
		};
		36AD6E361A5E303800ABDEC9 /* Helper */ = {
			isa = PBXGroup;
			children = (
				36AD6E331A5E302E00ABDEC9 /* DatabaseHelper.h */,
				36AD6E341A5E302E00ABDEC9 /* DatabaseHelper.m */,
			);
			name = Helper;
			sourceTree = "<group>";
		};
		36AD6E421A5E31AA00ABDEC9 /* fmdb */ = {
			isa = PBXGroup;
			children = (
				36AD6E431A5E31AA00ABDEC9 /* FMDatabase.h */,
				36AD6E441A5E31AA00ABDEC9 /* FMDatabase.m */,
				36AD6E451A5E31AA00ABDEC9 /* FMDatabaseAdditions.h */,
				36AD6E461A5E31AA00ABDEC9 /* FMDatabaseAdditions.m */,
				36AD6E471A5E31AA00ABDEC9 /* FMDatabasePool.h */,
				36AD6E481A5E31AA00ABDEC9 /* FMDatabasePool.m */,
				36AD6E491A5E31AA00ABDEC9 /* FMDatabaseQueue.h */,
				36AD6E4A1A5E31AA00ABDEC9 /* FMDatabaseQueue.m */,
				36AD6E4B1A5E31AA00ABDEC9 /* FMDB.h */,
				36AD6E4C1A5E31AA00ABDEC9 /* FMResultSet.h */,
				36AD6E4D1A5E31AA00ABDEC9 /* FMResultSet.m */,
			);
			name = fmdb;
			path = Plugin/fmdb;
			sourceTree = "<group>";
		};
		36AD6E531A5E31B800ABDEC9 /* AFNetworking */ = {
			isa = PBXGroup;
			children = (
				36AD6E541A5E31B800ABDEC9 /* AFNetworking */,
				36AD6E681A5E31B800ABDEC9 /* AFNetworkingHelper */,
				36AD6E6B1A5E31B800ABDEC9 /* UIKit+AFNetworking */,
			);
			name = AFNetworking;
			path = Plugin/AFNetworking;
			sourceTree = "<group>";
		};
		36AD6E541A5E31B800ABDEC9 /* AFNetworking */ = {
			isa = PBXGroup;
			children = (
				36AD6E551A5E31B800ABDEC9 /* AFHTTPRequestOperation.h */,
				36AD6E561A5E31B800ABDEC9 /* AFHTTPRequestOperation.m */,
				36AD6E571A5E31B800ABDEC9 /* AFHTTPRequestOperationManager.h */,
				36AD6E581A5E31B800ABDEC9 /* AFHTTPRequestOperationManager.m */,
				36AD6E591A5E31B800ABDEC9 /* AFHTTPSessionManager.h */,
				36AD6E5A1A5E31B800ABDEC9 /* AFHTTPSessionManager.m */,
				36AD6E5B1A5E31B800ABDEC9 /* AFNetworking.h */,
				36AD6E5C1A5E31B800ABDEC9 /* AFNetworkReachabilityManager.h */,
				36AD6E5D1A5E31B800ABDEC9 /* AFNetworkReachabilityManager.m */,
				36AD6E5E1A5E31B800ABDEC9 /* AFSecurityPolicy.h */,
				36AD6E5F1A5E31B800ABDEC9 /* AFSecurityPolicy.m */,
				36AD6E601A5E31B800ABDEC9 /* AFURLConnectionOperation.h */,
				36AD6E611A5E31B800ABDEC9 /* AFURLConnectionOperation.m */,
				36AD6E621A5E31B800ABDEC9 /* AFURLRequestSerialization.h */,
				36AD6E631A5E31B800ABDEC9 /* AFURLRequestSerialization.m */,
				36AD6E641A5E31B800ABDEC9 /* AFURLResponseSerialization.h */,
				36AD6E651A5E31B800ABDEC9 /* AFURLResponseSerialization.m */,
				36AD6E661A5E31B800ABDEC9 /* AFURLSessionManager.h */,
				36AD6E671A5E31B800ABDEC9 /* AFURLSessionManager.m */,
			);
			path = AFNetworking;
			sourceTree = "<group>";
		};
		36AD6E681A5E31B800ABDEC9 /* AFNetworkingHelper */ = {
			isa = PBXGroup;
			children = (
				36AD6E691A5E31B800ABDEC9 /* AFNetworkingHelper.h */,
				36AD6E6A1A5E31B800ABDEC9 /* AFNetworkingHelper.m */,
			);
			path = AFNetworkingHelper;
			sourceTree = "<group>";
		};
		36AD6E6B1A5E31B800ABDEC9 /* UIKit+AFNetworking */ = {
			isa = PBXGroup;
			children = (
				36AD6E6C1A5E31B800ABDEC9 /* AFNetworkActivityIndicatorManager.h */,
				36AD6E6D1A5E31B800ABDEC9 /* AFNetworkActivityIndicatorManager.m */,
				36AD6E6E1A5E31B800ABDEC9 /* UIActivityIndicatorView+AFNetworking.h */,
				36AD6E6F1A5E31B800ABDEC9 /* UIActivityIndicatorView+AFNetworking.m */,
				36AD6E701A5E31B800ABDEC9 /* UIAlertView+AFNetworking.h */,
				36AD6E711A5E31B800ABDEC9 /* UIAlertView+AFNetworking.m */,
				36AD6E721A5E31B800ABDEC9 /* UIButton+AFNetworking.h */,
				36AD6E731A5E31B800ABDEC9 /* UIButton+AFNetworking.m */,
				36AD6E741A5E31B800ABDEC9 /* UIImageView+AFNetworking.h */,
				36AD6E751A5E31B800ABDEC9 /* UIImageView+AFNetworking.m */,
				36AD6E761A5E31B800ABDEC9 /* UIKit+AFNetworking.h */,
				36AD6E771A5E31B800ABDEC9 /* UIProgressView+AFNetworking.h */,
				36AD6E781A5E31B800ABDEC9 /* UIProgressView+AFNetworking.m */,
				36AD6E791A5E31B800ABDEC9 /* UIRefreshControl+AFNetworking.h */,
				36AD6E7A1A5E31B800ABDEC9 /* UIRefreshControl+AFNetworking.m */,
				36AD6E7B1A5E31B800ABDEC9 /* UIWebView+AFNetworking.h */,
				36AD6E7C1A5E31B800ABDEC9 /* UIWebView+AFNetworking.m */,
			);
			path = "UIKit+AFNetworking";
			sourceTree = "<group>";
		};
		36AD6E8F1A5E31C700ABDEC9 /* JSONParser */ = {
			isa = PBXGroup;
			children = (
				36AD6E901A5E31C700ABDEC9 /* SZJsonParser.h */,
				36AD6E911A5E31C700ABDEC9 /* SZJsonParser.m */,
			);
			name = JSONParser;
			path = Plugin/JSONParser;
			sourceTree = "<group>";
		};
		36F5C6FF1A5D39C700E05C27 = {
			isa = PBXGroup;
			children = (
				36F5C70A1A5D39C700E05C27 /* Travel Guides */,
				36F5C7271A5D39C700E05C27 /* Travel GuidesTests */,
				36F5C7091A5D39C700E05C27 /* Products */,
			);
			sourceTree = "<group>";
		};
		36F5C7091A5D39C700E05C27 /* Products */ = {
			isa = PBXGroup;
			children = (
				36F5C7081A5D39C700E05C27 /* Travel Guides.app */,
				36F5C7241A5D39C700E05C27 /* Travel GuidesTests.xctest */,
			);
			name = Products;
			sourceTree = "<group>";
		};
		36F5C70A1A5D39C700E05C27 /* Travel Guides */ = {
			isa = PBXGroup;
			children = (
				36AD6E361A5E303800ABDEC9 /* Helper */,
				36A87C7C1A5E1A6B00C693C4 /* Delegate */,
				36A87C7B1A5E195A00C693C4 /* Framework */,
				36F5C7401A5D3C9D00E05C27 /* Pluggin */,
				36F5C73F1A5D3C9500E05C27 /* API */,
				36F5C73E1A5D3C8700E05C27 /* UIView */,
				36F5C7181A5D39C700E05C27 /* Main.storyboard */,
				36F5C71B1A5D39C700E05C27 /* Images.xcassets */,
				36F5C71D1A5D39C700E05C27 /* LaunchScreen.xib */,
				36F5C70B1A5D39C700E05C27 /* Supporting Files */,
			);
			path = "Travel Guides";
			sourceTree = "<group>";
		};
		36F5C70B1A5D39C700E05C27 /* Supporting Files */ = {
			isa = PBXGroup;
			children = (
				36F5C70C1A5D39C700E05C27 /* Info.plist */,
				36F5C70D1A5D39C700E05C27 /* main.m */,
				36AD6E301A5E29E400ABDEC9 /* PrefixHeader.pch */,
			);
			name = "Supporting Files";
			sourceTree = "<group>";
		};
		36F5C7271A5D39C700E05C27 /* Travel GuidesTests */ = {
			isa = PBXGroup;
			children = (
				36F5C72A1A5D39C700E05C27 /* Travel_GuidesTests.m */,
				36F5C7281A5D39C700E05C27 /* Supporting Files */,
			);
			path = "Travel GuidesTests";
			sourceTree = "<group>";
		};
		36F5C7281A5D39C700E05C27 /* Supporting Files */ = {
			isa = PBXGroup;
			children = (
				36F5C7291A5D39C700E05C27 /* Info.plist */,
			);
			name = "Supporting Files";
			sourceTree = "<group>";
		};
		36F5C73E1A5D3C8700E05C27 /* UIView */ = {
			isa = PBXGroup;
			children = (
				36A87C801A5E1A9A00C693C4 /* MapView */,
				36A87C7F1A5E1A9000C693C4 /* DetailView */,
				36A87C7D1A5E1A7C00C693C4 /* MasterView */,
			);
			name = UIView;
			sourceTree = "<group>";
		};
		36F5C73F1A5D3C9500E05C27 /* API */ = {
			isa = PBXGroup;
			children = (
			);
			name = API;
			sourceTree = "<group>";
		};
		36F5C7401A5D3C9D00E05C27 /* Pluggin */ = {
			isa = PBXGroup;
			children = (
				36AD6E8F1A5E31C700ABDEC9 /* JSONParser */,
				36AD6E531A5E31B800ABDEC9 /* AFNetworking */,
				36AD6E421A5E31AA00ABDEC9 /* fmdb */,
			);
			name = Pluggin;
			sourceTree = "<group>";
		};
/* End PBXGroup section */

/* Begin PBXNativeTarget section */
		36F5C7071A5D39C700E05C27 /* Travel Guides */ = {
			isa = PBXNativeTarget;
			buildConfigurationList = 36F5C72E1A5D39C700E05C27 /* Build configuration list for PBXNativeTarget "Travel Guides" */;
			buildPhases = (
				36F5C7041A5D39C700E05C27 /* Sources */,
				36F5C7051A5D39C700E05C27 /* Frameworks */,
				36F5C7061A5D39C700E05C27 /* Resources */,
			);
			buildRules = (
			);
			dependencies = (
			);
			name = "Travel Guides";
			productName = "Travel Guides";
			productReference = 36F5C7081A5D39C700E05C27 /* Travel Guides.app */;
			productType = "com.apple.product-type.application";
		};
		36F5C7231A5D39C700E05C27 /* Travel GuidesTests */ = {
			isa = PBXNativeTarget;
			buildConfigurationList = 36F5C7311A5D39C700E05C27 /* Build configuration list for PBXNativeTarget "Travel GuidesTests" */;
			buildPhases = (
				36F5C7201A5D39C700E05C27 /* Sources */,
				36F5C7211A5D39C700E05C27 /* Frameworks */,
				36F5C7221A5D39C700E05C27 /* Resources */,
			);
			buildRules = (
			);
			dependencies = (
				36F5C7261A5D39C700E05C27 /* PBXTargetDependency */,
			);
			name = "Travel GuidesTests";
			productName = "Travel GuidesTests";
			productReference = 36F5C7241A5D39C700E05C27 /* Travel GuidesTests.xctest */;
			productType = "com.apple.product-type.bundle.unit-test";
		};
/* End PBXNativeTarget section */

/* Begin PBXProject section */
		36F5C7001A5D39C700E05C27 /* Project object */ = {
			isa = PBXProject;
			attributes = {
				LastUpgradeCheck = 0610;
				ORGANIZATIONNAME = "Tu (Tony) A. TRAN";
				TargetAttributes = {
					36F5C7071A5D39C700E05C27 = {
						CreatedOnToolsVersion = 6.1;
						SystemCapabilities = {
							com.apple.BackgroundModes = {
								enabled = 1;
							};
						};
					};
					36F5C7231A5D39C700E05C27 = {
						CreatedOnToolsVersion = 6.1;
						TestTargetID = 36F5C7071A5D39C700E05C27;
					};
				};
			};
			buildConfigurationList = 36F5C7031A5D39C700E05C27 /* Build configuration list for PBXProject "Travel Guides" */;
			compatibilityVersion = "Xcode 3.2";
			developmentRegion = English;
			hasScannedForEncodings = 0;
			knownRegions = (
				en,
				Base,
			);
			mainGroup = 36F5C6FF1A5D39C700E05C27;
			productRefGroup = 36F5C7091A5D39C700E05C27 /* Products */;
			projectDirPath = "";
			projectRoot = "";
			targets = (
				36F5C7071A5D39C700E05C27 /* Travel Guides */,
				36F5C7231A5D39C700E05C27 /* Travel GuidesTests */,
			);
		};
/* End PBXProject section */

/* Begin PBXResourcesBuildPhase section */
		36F5C7061A5D39C700E05C27 /* Resources */ = {
			isa = PBXResourcesBuildPhase;
			buildActionMask = 2147483647;
			files = (
				36F5C71A1A5D39C700E05C27 /* Main.storyboard in Resources */,
				36F5C71F1A5D39C700E05C27 /* LaunchScreen.xib in Resources */,
				36F5C71C1A5D39C700E05C27 /* Images.xcassets in Resources */,
				36AD6E3B1A5E317000ABDEC9 /* MapViewController.xib in Resources */,
			);
			runOnlyForDeploymentPostprocessing = 0;
		};
		36F5C7221A5D39C700E05C27 /* Resources */ = {
			isa = PBXResourcesBuildPhase;
			buildActionMask = 2147483647;
			files = (
			);
			runOnlyForDeploymentPostprocessing = 0;
		};
/* End PBXResourcesBuildPhase section */

/* Begin PBXSourcesBuildPhase section */
		36F5C7041A5D39C700E05C27 /* Sources */ = {
			isa = PBXSourcesBuildPhase;
			buildActionMask = 2147483647;
			files = (
				36AD6E891A5E31B800ABDEC9 /* UIAlertView+AFNetworking.m in Sources */,
				36AD6E8B1A5E31B800ABDEC9 /* UIImageView+AFNetworking.m in Sources */,
				36AD6E8A1A5E31B800ABDEC9 /* UIButton+AFNetworking.m in Sources */,
				36AD6E7D1A5E31B800ABDEC9 /* AFHTTPRequestOperation.m in Sources */,
				36AD6E351A5E302E00ABDEC9 /* DatabaseHelper.m in Sources */,
				36AD6E3E1A5E318100ABDEC9 /* DetailViewController.m in Sources */,
				36AD6E921A5E31C700ABDEC9 /* SZJsonParser.m in Sources */,
				36AD6E871A5E31B800ABDEC9 /* AFNetworkActivityIndicatorManager.m in Sources */,
				36F5C70E1A5D39C700E05C27 /* main.m in Sources */,
				36AD6E851A5E31B800ABDEC9 /* AFURLSessionManager.m in Sources */,
				36AD6E861A5E31B800ABDEC9 /* AFNetworkingHelper.m in Sources */,
				36AD6E7F1A5E31B800ABDEC9 /* AFHTTPSessionManager.m in Sources */,
				36AD6E4E1A5E31AA00ABDEC9 /* FMDatabase.m in Sources */,
				36AD6E801A5E31B800ABDEC9 /* AFNetworkReachabilityManager.m in Sources */,
				36AD6E951A5E31DC00ABDEC9 /* AppDelegate.m in Sources */,
				36AD6E411A5E319300ABDEC9 /* MasterViewController.m in Sources */,
				36AD6E841A5E31B800ABDEC9 /* AFURLResponseSerialization.m in Sources */,
				36AD6E831A5E31B800ABDEC9 /* AFURLRequestSerialization.m in Sources */,
				36AD6E821A5E31B800ABDEC9 /* AFURLConnectionOperation.m in Sources */,
				36AD6E7E1A5E31B800ABDEC9 /* AFHTTPRequestOperationManager.m in Sources */,
				36AD6E4F1A5E31AA00ABDEC9 /* FMDatabaseAdditions.m in Sources */,
				36AD6E521A5E31AA00ABDEC9 /* FMResultSet.m in Sources */,
				36AD6E881A5E31B800ABDEC9 /* UIActivityIndicatorView+AFNetworking.m in Sources */,
				36AD6E8D1A5E31B800ABDEC9 /* UIRefreshControl+AFNetworking.m in Sources */,
				36AD6E8C1A5E31B800ABDEC9 /* UIProgressView+AFNetworking.m in Sources */,
				36AD6E811A5E31B800ABDEC9 /* AFSecurityPolicy.m in Sources */,
				36AD6E8E1A5E31B800ABDEC9 /* UIWebView+AFNetworking.m in Sources */,
				36AD6E3A1A5E317000ABDEC9 /* MapViewController.m in Sources */,
				36AD6E501A5E31AA00ABDEC9 /* FMDatabasePool.m in Sources */,
				36AD6E511A5E31AA00ABDEC9 /* FMDatabaseQueue.m in Sources */,
			);
			runOnlyForDeploymentPostprocessing = 0;
		};
		36F5C7201A5D39C700E05C27 /* Sources */ = {
			isa = PBXSourcesBuildPhase;
			buildActionMask = 2147483647;
			files = (
				36F5C72B1A5D39C700E05C27 /* Travel_GuidesTests.m in Sources */,
			);
			runOnlyForDeploymentPostprocessing = 0;
		};
/* End PBXSourcesBuildPhase section */

/* Begin PBXTargetDependency section */
		36F5C7261A5D39C700E05C27 /* PBXTargetDependency */ = {
			isa = PBXTargetDependency;
			target = 36F5C7071A5D39C700E05C27 /* Travel Guides */;
			targetProxy = 36F5C7251A5D39C700E05C27 /* PBXContainerItemProxy */;
		};
/* End PBXTargetDependency section */

/* Begin PBXVariantGroup section */
		36F5C7181A5D39C700E05C27 /* Main.storyboard */ = {
			isa = PBXVariantGroup;
			children = (
				36F5C7191A5D39C700E05C27 /* Base */,
			);
			name = Main.storyboard;
			sourceTree = "<group>";
		};
		36F5C71D1A5D39C700E05C27 /* LaunchScreen.xib */ = {
			isa = PBXVariantGroup;
			children = (
				36F5C71E1A5D39C700E05C27 /* Base */,
			);
			name = LaunchScreen.xib;
			sourceTree = "<group>";
		};
/* End PBXVariantGroup section */

/* Begin XCBuildConfiguration section */
		36F5C72C1A5D39C700E05C27 /* Debug */ = {
			isa = XCBuildConfiguration;
			buildSettings = {
				ALWAYS_SEARCH_USER_PATHS = NO;
				CLANG_CXX_LANGUAGE_STANDARD = "gnu++0x";
				CLANG_CXX_LIBRARY = "libc++";
				CLANG_ENABLE_MODULES = YES;
				CLANG_ENABLE_OBJC_ARC = YES;
				CLANG_WARN_BOOL_CONVERSION = YES;
				CLANG_WARN_CONSTANT_CONVERSION = YES;
				CLANG_WARN_DIRECT_OBJC_ISA_USAGE = YES_ERROR;
				CLANG_WARN_EMPTY_BODY = YES;
				CLANG_WARN_ENUM_CONVERSION = YES;
				CLANG_WARN_INT_CONVERSION = YES;
				CLANG_WARN_OBJC_ROOT_CLASS = YES_ERROR;
				CLANG_WARN_UNREACHABLE_CODE = YES;
				CLANG_WARN__DUPLICATE_METHOD_MATCH = YES;
				"CODE_SIGN_IDENTITY[sdk=iphoneos*]" = "iPhone Developer";
				COPY_PHASE_STRIP = NO;
				ENABLE_STRICT_OBJC_MSGSEND = YES;
				GCC_C_LANGUAGE_STANDARD = gnu99;
				GCC_DYNAMIC_NO_PIC = NO;
				GCC_OPTIMIZATION_LEVEL = 0;
				GCC_PREPROCESSOR_DEFINITIONS = (
					"DEBUG=1",
					"$(inherited)",
				);
				GCC_SYMBOLS_PRIVATE_EXTERN = NO;
				GCC_WARN_64_TO_32_BIT_CONVERSION = YES;
				GCC_WARN_ABOUT_RETURN_TYPE = YES_ERROR;
				GCC_WARN_UNDECLARED_SELECTOR = YES;
				GCC_WARN_UNINITIALIZED_AUTOS = YES_AGGRESSIVE;
				GCC_WARN_UNUSED_FUNCTION = YES;
				GCC_WARN_UNUSED_VARIABLE = YES;
				IPHONEOS_DEPLOYMENT_TARGET = 8.1;
				MTL_ENABLE_DEBUG_INFO = YES;
				ONLY_ACTIVE_ARCH = YES;
				SDKROOT = iphoneos;
				TARGETED_DEVICE_FAMILY = "1,2";
			};
			name = Debug;
		};
		36F5C72D1A5D39C700E05C27 /* Release */ = {
			isa = XCBuildConfiguration;
			buildSettings = {
				ALWAYS_SEARCH_USER_PATHS = NO;
				CLANG_CXX_LANGUAGE_STANDARD = "gnu++0x";
				CLANG_CXX_LIBRARY = "libc++";
				CLANG_ENABLE_MODULES = YES;
				CLANG_ENABLE_OBJC_ARC = YES;
				CLANG_WARN_BOOL_CONVERSION = YES;
				CLANG_WARN_CONSTANT_CONVERSION = YES;
				CLANG_WARN_DIRECT_OBJC_ISA_USAGE = YES_ERROR;
				CLANG_WARN_EMPTY_BODY = YES;
				CLANG_WARN_ENUM_CONVERSION = YES;
				CLANG_WARN_INT_CONVERSION = YES;
				CLANG_WARN_OBJC_ROOT_CLASS = YES_ERROR;
				CLANG_WARN_UNREACHABLE_CODE = YES;
				CLANG_WARN__DUPLICATE_METHOD_MATCH = YES;
				"CODE_SIGN_IDENTITY[sdk=iphoneos*]" = "iPhone Developer";
				COPY_PHASE_STRIP = YES;
				ENABLE_NS_ASSERTIONS = NO;
				ENABLE_STRICT_OBJC_MSGSEND = YES;
				GCC_C_LANGUAGE_STANDARD = gnu99;
				GCC_WARN_64_TO_32_BIT_CONVERSION = YES;
				GCC_WARN_ABOUT_RETURN_TYPE = YES_ERROR;
				GCC_WARN_UNDECLARED_SELECTOR = YES;
				GCC_WARN_UNINITIALIZED_AUTOS = YES_AGGRESSIVE;
				GCC_WARN_UNUSED_FUNCTION = YES;
				GCC_WARN_UNUSED_VARIABLE = YES;
				IPHONEOS_DEPLOYMENT_TARGET = 8.1;
				MTL_ENABLE_DEBUG_INFO = NO;
				SDKROOT = iphoneos;
				TARGETED_DEVICE_FAMILY = "1,2";
				VALIDATE_PRODUCT = YES;
			};
			name = Release;
		};
		36F5C72F1A5D39C700E05C27 /* Debug */ = {
			isa = XCBuildConfiguration;
			buildSettings = {
				ASSETCATALOG_COMPILER_APPICON_NAME = AppIcon;
				GCC_PREFIX_HEADER = "Travel Guides/PrefixHeader.pch";
				INFOPLIST_FILE = "Travel Guides/Info.plist";
				LD_RUNPATH_SEARCH_PATHS = "$(inherited) @executable_path/Frameworks";
				OTHER_LDFLAGS = "-ObjC";
				PRODUCT_NAME = "$(TARGET_NAME)";
			};
			name = Debug;
		};
		36F5C7301A5D39C700E05C27 /* Release */ = {
			isa = XCBuildConfiguration;
			buildSettings = {
				ASSETCATALOG_COMPILER_APPICON_NAME = AppIcon;
				GCC_PREFIX_HEADER = "Travel Guides/PrefixHeader.pch";
				INFOPLIST_FILE = "Travel Guides/Info.plist";
				LD_RUNPATH_SEARCH_PATHS = "$(inherited) @executable_path/Frameworks";
				OTHER_LDFLAGS = "-ObjC";
				PRODUCT_NAME = "$(TARGET_NAME)";
			};
			name = Release;
		};
		36F5C7321A5D39C700E05C27 /* Debug */ = {
			isa = XCBuildConfiguration;
			buildSettings = {
				BUNDLE_LOADER = "$(TEST_HOST)";
				FRAMEWORK_SEARCH_PATHS = (
					"$(SDKROOT)/Developer/Library/Frameworks",
					"$(inherited)",
				);
				GCC_PREPROCESSOR_DEFINITIONS = (
					"DEBUG=1",
					"$(inherited)",
				);
				INFOPLIST_FILE = "Travel GuidesTests/Info.plist";
				LD_RUNPATH_SEARCH_PATHS = "$(inherited) @executable_path/Frameworks @loader_path/Frameworks";
				PRODUCT_NAME = "$(TARGET_NAME)";
				TEST_HOST = "$(BUILT_PRODUCTS_DIR)/Travel Guides.app/Travel Guides";
			};
			name = Debug;
		};
		36F5C7331A5D39C700E05C27 /* Release */ = {
			isa = XCBuildConfiguration;
			buildSettings = {
				BUNDLE_LOADER = "$(TEST_HOST)";
				FRAMEWORK_SEARCH_PATHS = (
					"$(SDKROOT)/Developer/Library/Frameworks",
					"$(inherited)",
				);
				INFOPLIST_FILE = "Travel GuidesTests/Info.plist";
				LD_RUNPATH_SEARCH_PATHS = "$(inherited) @executable_path/Frameworks @loader_path/Frameworks";
				PRODUCT_NAME = "$(TARGET_NAME)";
				TEST_HOST = "$(BUILT_PRODUCTS_DIR)/Travel Guides.app/Travel Guides";
			};
			name = Release;
		};
/* End XCBuildConfiguration section */

/* Begin XCConfigurationList section */
		36F5C7031A5D39C700E05C27 /* Build configuration list for PBXProject "Travel Guides" */ = {
			isa = XCConfigurationList;
			buildConfigurations = (
				36F5C72C1A5D39C700E05C27 /* Debug */,
				36F5C72D1A5D39C700E05C27 /* Release */,
			);
			defaultConfigurationIsVisible = 0;
			defaultConfigurationName = Release;
		};
		36F5C72E1A5D39C700E05C27 /* Build configuration list for PBXNativeTarget "Travel Guides" */ = {
			isa = XCConfigurationList;
			buildConfigurations = (
				36F5C72F1A5D39C700E05C27 /* Debug */,
				36F5C7301A5D39C700E05C27 /* Release */,
			);
			defaultConfigurationIsVisible = 0;
			defaultConfigurationName = Release;
		};
		36F5C7311A5D39C700E05C27 /* Build configuration list for PBXNativeTarget "Travel GuidesTests" */ = {
			isa = XCConfigurationList;
			buildConfigurations = (
				36F5C7321A5D39C700E05C27 /* Debug */,
				36F5C7331A5D39C700E05C27 /* Release */,
			);
			defaultConfigurationIsVisible = 0;
			defaultConfigurationName = Release;
		};
/* End XCConfigurationList section */
	};
	rootObject = 36F5C7001A5D39C700E05C27 /* Project object */;
}
